// !$*UTF8*$!
{
	archiveVersion = 1;
	classes = {
	};
	objectVersion = 50;
	objects = {

/* Begin PBXBuildFile section */
		D988E9032447414100BE71CA /* AppDelegate.swift in Sources */ = {isa = PBXBuildFile; fileRef = D988E9022447414100BE71CA /* AppDelegate.swift */; };
		D988E9052447414100BE71CA /* SceneDelegate.swift in Sources */ = {isa = PBXBuildFile; fileRef = D988E9042447414100BE71CA /* SceneDelegate.swift */; };
		D988E9072447414100BE71CA /* AllAboutClubsVC.swift in Sources */ = {isa = PBXBuildFile; fileRef = D988E9062447414100BE71CA /* AllAboutClubsVC.swift */; };
		D988E90A2447414100BE71CA /* Main.storyboard in Resources */ = {isa = PBXBuildFile; fileRef = D988E9082447414100BE71CA /* Main.storyboard */; };
		D988E90C2447414300BE71CA /* Assets.xcassets in Resources */ = {isa = PBXBuildFile; fileRef = D988E90B2447414300BE71CA /* Assets.xcassets */; };
		D988E90F2447414300BE71CA /* LaunchScreen.storyboard in Resources */ = {isa = PBXBuildFile; fileRef = D988E90D2447414300BE71CA /* LaunchScreen.storyboard */; };
		D988E91A244745F000BE71CA /* AllAboutClubsCellTableViewCell.swift in Sources */ = {isa = PBXBuildFile; fileRef = D988E919244745F000BE71CA /* AllAboutClubsCellTableViewCell.swift */; };
		D988E91C244746BC00BE71CA /* ClubData.swift in Sources */ = {isa = PBXBuildFile; fileRef = D988E91B244746BC00BE71CA /* ClubData.swift */; };
		D988E91E2447547F00BE71CA /* ClubManager.swift in Sources */ = {isa = PBXBuildFile; fileRef = D988E91D2447547F00BE71CA /* ClubManager.swift */; };
/* End PBXBuildFile section */

/* Begin PBXFileReference section */
		D988E8FF2447414100BE71CA /* Top European soccer teams.app */ = {isa = PBXFileReference; explicitFileType = wrapper.application; includeInIndex = 0; path = "Top European soccer teams.app"; sourceTree = BUILT_PRODUCTS_DIR; };
		D988E9022447414100BE71CA /* AppDelegate.swift */ = {isa = PBXFileReference; lastKnownFileType = sourcecode.swift; path = AppDelegate.swift; sourceTree = "<group>"; };
		D988E9042447414100BE71CA /* SceneDelegate.swift */ = {isa = PBXFileReference; lastKnownFileType = sourcecode.swift; path = SceneDelegate.swift; sourceTree = "<group>"; };
		D988E9062447414100BE71CA /* AllAboutClubsVC.swift */ = {isa = PBXFileReference; lastKnownFileType = sourcecode.swift; path = AllAboutClubsVC.swift; sourceTree = "<group>"; };
		D988E9092447414100BE71CA /* Base */ = {isa = PBXFileReference; lastKnownFileType = file.storyboard; name = Base; path = Base.lproj/Main.storyboard; sourceTree = "<group>"; };
		D988E90B2447414300BE71CA /* Assets.xcassets */ = {isa = PBXFileReference; lastKnownFileType = folder.assetcatalog; path = Assets.xcassets; sourceTree = "<group>"; };
		D988E90E2447414300BE71CA /* Base */ = {isa = PBXFileReference; lastKnownFileType = file.storyboard; name = Base; path = Base.lproj/LaunchScreen.storyboard; sourceTree = "<group>"; };
		D988E9102447414300BE71CA /* Info.plist */ = {isa = PBXFileReference; lastKnownFileType = text.plist.xml; path = Info.plist; sourceTree = "<group>"; };
		D988E919244745F000BE71CA /* AllAboutClubsCellTableViewCell.swift */ = {isa = PBXFileReference; lastKnownFileType = sourcecode.swift; path = AllAboutClubsCellTableViewCell.swift; sourceTree = "<group>"; };
		D988E91B244746BC00BE71CA /* ClubData.swift */ = {isa = PBXFileReference; lastKnownFileType = sourcecode.swift; path = ClubData.swift; sourceTree = "<group>"; };
		D988E91D2447547F00BE71CA /* ClubManager.swift */ = {isa = PBXFileReference; lastKnownFileType = sourcecode.swift; path = ClubManager.swift; sourceTree = "<group>"; };
/* End PBXFileReference section */

/* Begin PBXFrameworksBuildPhase section */
		D988E8FC2447414100BE71CA /* Frameworks */ = {
			isa = PBXFrameworksBuildPhase;
			buildActionMask = 2147483647;
			files = (
			);
			runOnlyForDeploymentPostprocessing = 0;
		};
/* End PBXFrameworksBuildPhase section */

/* Begin PBXGroup section */
		D988E8F62447414100BE71CA = {
			isa = PBXGroup;
			children = (
				D988E9012447414100BE71CA /* Top European soccer teams */,
				D988E9002447414100BE71CA /* Products */,
			);
			sourceTree = "<group>";
		};
		D988E9002447414100BE71CA /* Products */ = {
			isa = PBXGroup;
			children = (
				D988E8FF2447414100BE71CA /* Top European soccer teams.app */,
			);
			name = Products;
			sourceTree = "<group>";
		};
		D988E9012447414100BE71CA /* Top European soccer teams */ = {
			isa = PBXGroup;
			children = (
				D988E9172447417400BE71CA /* Model */,
				D988E9162447416A00BE71CA /* View */,
				D988E9182447417A00BE71CA /* Controller */,
				D988E90B2447414300BE71CA /* Assets.xcassets */,
				D988E9102447414300BE71CA /* Info.plist */,
			);
			path = "Top European soccer teams";
			sourceTree = "<group>";
		};
		D988E9162447416A00BE71CA /* View */ = {
			isa = PBXGroup;
			children = (
				D988E90D2447414300BE71CA /* LaunchScreen.storyboard */,
				D988E9082447414100BE71CA /* Main.storyboard */,
			);
			path = View;
			sourceTree = "<group>";
		};
		D988E9172447417400BE71CA /* Model */ = {
			isa = PBXGroup;
			children = (
				D988E91B244746BC00BE71CA /* ClubData.swift */,
				D988E91D2447547F00BE71CA /* ClubManager.swift */,
				D988E919244745F000BE71CA /* AllAboutClubsCellTableViewCell.swift */,
			);
			path = Model;
			sourceTree = "<group>";
		};
		D988E9182447417A00BE71CA /* Controller */ = {
			isa = PBXGroup;
			children = (
				D988E9022447414100BE71CA /* AppDelegate.swift */,
				D988E9042447414100BE71CA /* SceneDelegate.swift */,
				D988E9062447414100BE71CA /* AllAboutClubsVC.swift */,
			);
			path = Controller;
			sourceTree = "<group>";
		};
/* End PBXGroup section */

/* Begin PBXNativeTarget section */
		D988E8FE2447414100BE71CA /* Top European soccer teams */ = {
			isa = PBXNativeTarget;
			buildConfigurationList = D988E9132447414300BE71CA /* Build configuration list for PBXNativeTarget "Top European soccer teams" */;
			buildPhases = (
				D988E8FB2447414100BE71CA /* Sources */,
				D988E8FC2447414100BE71CA /* Frameworks */,
				D988E8FD2447414100BE71CA /* Resources */,
			);
			buildRules = (
			);
			dependencies = (
			);
			name = "Top European soccer teams";
			productName = "Top European soccer teams";
			productReference = D988E8FF2447414100BE71CA /* Top European soccer teams.app */;
			productType = "com.apple.product-type.application";
		};
/* End PBXNativeTarget section */

/* Begin PBXProject section */
		D988E8F72447414100BE71CA /* Project object */ = {
			isa = PBXProject;
			attributes = {
				LastSwiftUpdateCheck = 1130;
				LastUpgradeCheck = 1130;
				ORGANIZATIONNAME = "Primoz Cuvan";
				TargetAttributes = {
					D988E8FE2447414100BE71CA = {
						CreatedOnToolsVersion = 11.3.1;
					};
				};
			};
			buildConfigurationList = D988E8FA2447414100BE71CA /* Build configuration list for PBXProject "Top European soccer teams" */;
			compatibilityVersion = "Xcode 9.3";
			developmentRegion = en;
			hasScannedForEncodings = 0;
			knownRegions = (
				en,
				Base,
			);
			mainGroup = D988E8F62447414100BE71CA;
			productRefGroup = D988E9002447414100BE71CA /* Products */;
			projectDirPath = "";
			projectRoot = "";
			targets = (
				D988E8FE2447414100BE71CA /* Top European soccer teams */,
			);
		};
/* End PBXProject section */

/* Begin PBXResourcesBuildPhase section */
		D988E8FD2447414100BE71CA /* Resources */ = {
			isa = PBXResourcesBuildPhase;
			buildActionMask = 2147483647;
			files = (
				D988E90F2447414300BE71CA /* LaunchScreen.storyboard in Resources */,
				D988E90C2447414300BE71CA /* Assets.xcassets in Resources */,
				D988E90A2447414100BE71CA /* Main.storyboard in Resources */,
			);
			runOnlyForDeploymentPostprocessing = 0;
		};
/* End PBXResourcesBuildPhase section */

/* Begin PBXSourcesBuildPhase section */
		D988E8FB2447414100BE71CA /* Sources */ = {
			isa = PBXSourcesBuildPhase;
			buildActionMask = 2147483647;
			files = (
				D988E9072447414100BE71CA /* AllAboutClubsVC.swift in Sources */,
				D988E9032447414100BE71CA /* AppDelegate.swift in Sources */,
				D988E91C244746BC00BE71CA /* ClubData.swift in Sources */,
				D988E9052447414100BE71CA /* SceneDelegate.swift in Sources */,
				D988E91A244745F000BE71CA /* AllAboutClubsCellTableViewCell.swift in Sources */,
				D988E91E2447547F00BE71CA /* ClubManager.swift in Sources */,
			);
			runOnlyForDeploymentPostprocessing = 0;
		};
/* End PBXSourcesBuildPhase section */

/* Begin PBXVariantGroup section */
		D988E9082447414100BE71CA /* Main.storyboard */ = {
			isa = PBXVariantGroup;
			children = (
				D988E9092447414100BE71CA /* Base */,
			);
			name = Main.storyboard;
			sourceTree = "<group>";
		};
		D988E90D2447414300BE71CA /* LaunchScreen.storyboard */ = {
			isa = PBXVariantGroup;
			children = (
				D988E90E2447414300BE71CA /* Base */,
			);
			name = LaunchScreen.storyboard;
			sourceTree = "<group>";
		};
/* End PBXVariantGroup section */

/* Begin XCBuildConfiguration section */
		D988E9112447414300BE71CA /* Debug */ = {
			isa = XCBuildConfiguration;
			buildSettings = {
				ALWAYS_SEARCH_USER_PATHS = NO;
				CLANG_ANALYZER_NONNULL = YES;
				CLANG_ANALYZER_NUMBER_OBJECT_CONVERSION = YES_AGGRESSIVE;
				CLANG_CXX_LANGUAGE_STANDARD = "gnu++14";
				CLANG_CXX_LIBRARY = "libc++";
				CLANG_ENABLE_MODULES = YES;
				CLANG_ENABLE_OBJC_ARC = YES;
				CLANG_ENABLE_OBJC_WEAK = YES;
				CLANG_WARN_BLOCK_CAPTURE_AUTORELEASING = YES;
				CLANG_WARN_BOOL_CONVERSION = YES;
				CLANG_WARN_COMMA = YES;
				CLANG_WARN_CONSTANT_CONVERSION = YES;
				CLANG_WARN_DEPRECATED_OBJC_IMPLEMENTATIONS = YES;
				CLANG_WARN_DIRECT_OBJC_ISA_USAGE = YES_ERROR;
				CLANG_WARN_DOCUMENTATION_COMMENTS = YES;
				CLANG_WARN_EMPTY_BODY = YES;
				CLANG_WARN_ENUM_CONVERSION = YES;
				CLANG_WARN_INFINITE_RECURSION = YES;
				CLANG_WARN_INT_CONVERSION = YES;
				CLANG_WARN_NON_LITERAL_NULL_CONVERSION = YES;
				CLANG_WARN_OBJC_IMPLICIT_RETAIN_SELF = YES;
				CLANG_WARN_OBJC_LITERAL_CONVERSION = YES;
				CLANG_WARN_OBJC_ROOT_CLASS = YES_ERROR;
				CLANG_WARN_RANGE_LOOP_ANALYSIS = YES;
				CLANG_WARN_STRICT_PROTOTYPES = YES;
				CLANG_WARN_SUSPICIOUS_MOVE = YES;
				CLANG_WARN_UNGUARDED_AVAILABILITY = YES_AGGRESSIVE;
				CLANG_WARN_UNREACHABLE_CODE = YES;
				CLANG_WARN__DUPLICATE_METHOD_MATCH = YES;
				COPY_PHASE_STRIP = NO;
				DEBUG_INFORMATION_FORMAT = dwarf;
				ENABLE_STRICT_OBJC_MSGSEND = YES;
				ENABLE_TESTABILITY = YES;
				GCC_C_LANGUAGE_STANDARD = gnu11;
				GCC_DYNAMIC_NO_PIC = NO;
				GCC_NO_COMMON_BLOCKS = YES;
				GCC_OPTIMIZATION_LEVEL = 0;
				GCC_PREPROCESSOR_DEFINITIONS = (
					"DEBUG=1",
					"$(inherited)",
				);
				GCC_WARN_64_TO_32_BIT_CONVERSION = YES;
				GCC_WARN_ABOUT_RETURN_TYPE = YES_ERROR;
				GCC_WARN_UNDECLARED_SELECTOR = YES;
				GCC_WARN_UNINITIALIZED_AUTOS = YES_AGGRESSIVE;
				GCC_WARN_UNUSED_FUNCTION = YES;
				GCC_WARN_UNUSED_VARIABLE = YES;
				IPHONEOS_DEPLOYMENT_TARGET = 12.0;
				MTL_ENABLE_DEBUG_INFO = INCLUDE_SOURCE;
				MTL_FAST_MATH = YES;
				ONLY_ACTIVE_ARCH = YES;
				SDKROOT = iphoneos;
				SWIFT_ACTIVE_COMPILATION_CONDITIONS = DEBUG;
				SWIFT_OPTIMIZATION_LEVEL = "-Onone";
			};
			name = Debug;
		};
		D988E9122447414300BE71CA /* Release */ = {
			isa = XCBuildConfiguration;
			buildSettings = {
				ALWAYS_SEARCH_USER_PATHS = NO;
				CLANG_ANALYZER_NONNULL = YES;
				CLANG_ANALYZER_NUMBER_OBJECT_CONVERSION = YES_AGGRESSIVE;
				CLANG_CXX_LANGUAGE_STANDARD = "gnu++14";
				CLANG_CXX_LIBRARY = "libc++";
				CLANG_ENABLE_MODULES = YES;
				CLANG_ENABLE_OBJC_ARC = YES;
				CLANG_ENABLE_OBJC_WEAK = YES;
				CLANG_WARN_BLOCK_CAPTURE_AUTORELEASING = YES;
				CLANG_WARN_BOOL_CONVERSION = YES;
				CLANG_WARN_COMMA = YES;
				CLANG_WARN_CONSTANT_CONVERSION = YES;
				CLANG_WARN_DEPRECATED_OBJC_IMPLEMENTATIONS = YES;
				CLANG_WARN_DIRECT_OBJC_ISA_USAGE = YES_ERROR;
				CLANG_WARN_DOCUMENTATION_COMMENTS = YES;
				CLANG_WARN_EMPTY_BODY = YES;
				CLANG_WARN_ENUM_CONVERSION = YES;
				CLANG_WARN_INFINITE_RECURSION = YES;
				CLANG_WARN_INT_CONVERSION = YES;
				CLANG_WARN_NON_LITERAL_NULL_CONVERSION = YES;
				CLANG_WARN_OBJC_IMPLICIT_RETAIN_SELF = YES;
				CLANG_WARN_OBJC_LITERAL_CONVERSION = YES;
				CLANG_WARN_OBJC_ROOT_CLASS = YES_ERROR;
				CLANG_WARN_RANGE_LOOP_ANALYSIS = YES;
				CLANG_WARN_STRICT_PROTOTYPES = YES;
				CLANG_WARN_SUSPICIOUS_MOVE = YES;
				CLANG_WARN_UNGUARDED_AVAILABILITY = YES_AGGRESSIVE;
				CLANG_WARN_UNREACHABLE_CODE = YES;
				CLANG_WARN__DUPLICATE_METHOD_MATCH = YES;
				COPY_PHASE_STRIP = NO;
				DEBUG_INFORMATION_FORMAT = "dwarf-with-dsym";
				ENABLE_NS_ASSERTIONS = NO;
				ENABLE_STRICT_OBJC_MSGSEND = YES;
				GCC_C_LANGUAGE_STANDARD = gnu11;
				GCC_NO_COMMON_BLOCKS = YES;
				GCC_WARN_64_TO_32_BIT_CONVERSION = YES;
				GCC_WARN_ABOUT_RETURN_TYPE = YES_ERROR;
				GCC_WARN_UNDECLARED_SELECTOR = YES;
				GCC_WARN_UNINITIALIZED_AUTOS = YES_AGGRESSIVE;
				GCC_WARN_UNUSED_FUNCTION = YES;
				GCC_WARN_UNUSED_VARIABLE = YES;
				IPHONEOS_DEPLOYMENT_TARGET = 12.0;
				MTL_ENABLE_DEBUG_INFO = NO;
				MTL_FAST_MATH = YES;
				SDKROOT = iphoneos;
				SWIFT_COMPILATION_MODE = wholemodule;
				SWIFT_OPTIMIZATION_LEVEL = "-O";
				VALIDATE_PRODUCT = YES;
			};
			name = Release;
		};
		D988E9142447414300BE71CA /* Debug */ = {
			isa = XCBuildConfiguration;
			buildSettings = {
				ASSETCATALOG_COMPILER_APPICON_NAME = AppIcon;
				CODE_SIGN_STYLE = Automatic;
				DEVELOPMENT_TEAM = M7K3225W89;
				INFOPLIST_FILE = "Top European soccer teams/Info.plist";
				IPHONEOS_DEPLOYMENT_TARGET = 12.0;
				LD_RUNPATH_SEARCH_PATHS = (
					"$(inherited)",
					"@executable_path/Frameworks",
				);
				PRODUCT_BUNDLE_IDENTIFIER = "com.primoz.Top-European-soccer-teams";
				PRODUCT_NAME = "$(TARGET_NAME)";
				SWIFT_VERSION = 5.0;
				TARGETED_DEVICE_FAMILY = 1;
			};
			name = Debug;
		};
		D988E9152447414300BE71CA /* Release */ = {
			isa = XCBuildConfiguration;
			buildSettings = {
				ASSETCATALOG_COMPILER_APPICON_NAME = AppIcon;
				CODE_SIGN_STYLE = Automatic;
				DEVELOPMENT_TEAM = M7K3225W89;
				INFOPLIST_FILE = "Top European soccer teams/Info.plist";
				IPHONEOS_DEPLOYMENT_TARGET = 12.0;
				LD_RUNPATH_SEARCH_PATHS = (
					"$(inherited)",
					"@executable_path/Frameworks",
				);
				PRODUCT_BUNDLE_IDENTIFIER = "com.primoz.Top-European-soccer-teams";
				PRODUCT_NAME = "$(TARGET_NAME)";
				SWIFT_VERSION = 5.0;
				TARGETED_DEVICE_FAMILY = 1;
			};
			name = Release;
		};
/* End XCBuildConfiguration section */

/* Begin XCConfigurationList section */
		D988E8FA2447414100BE71CA /* Build configuration list for PBXProject "Top European soccer teams" */ = {
			isa = XCConfigurationList;
			buildConfigurations = (
				D988E9112447414300BE71CA /* Debug */,
				D988E9122447414300BE71CA /* Release */,
			);
			defaultConfigurationIsVisible = 0;
			defaultConfigurationName = Release;
		};
		D988E9132447414300BE71CA /* Build configuration list for PBXNativeTarget "Top European soccer teams" */ = {
			isa = XCConfigurationList;
			buildConfigurations = (
				D988E9142447414300BE71CA /* Debug */,
				D988E9152447414300BE71CA /* Release */,
			);
			defaultConfigurationIsVisible = 0;
			defaultConfigurationName = Release;
		};
/* End XCConfigurationList section */
	};
	rootObject = D988E8F72447414100BE71CA /* Project object */;
}
